// !$*UTF8*$!
{
	archiveVersion = 1;
	classes = {
	};
	objectVersion = 50;
	objects = {

/* Begin PBXBuildFile section */
		028BCA43213ABC580079873E /* AppDelegate.m in Sources */ = {isa = PBXBuildFile; fileRef = 028BCA42213ABC580079873E /* AppDelegate.m */; };
		028BCA46213ABC580079873E /* ViewController.m in Sources */ = {isa = PBXBuildFile; fileRef = 028BCA45213ABC580079873E /* ViewController.m */; };
		028BCA49213ABC580079873E /* Main.storyboard in Resources */ = {isa = PBXBuildFile; fileRef = 028BCA47213ABC580079873E /* Main.storyboard */; };
		028BCA4B213ABC5C0079873E /* Assets.xcassets in Resources */ = {isa = PBXBuildFile; fileRef = 028BCA4A213ABC5C0079873E /* Assets.xcassets */; };
		028BCA4E213ABC5C0079873E /* LaunchScreen.storyboard in Resources */ = {isa = PBXBuildFile; fileRef = 028BCA4C213ABC5C0079873E /* LaunchScreen.storyboard */; };
		028BCA51213ABC5C0079873E /* main.m in Sources */ = {isa = PBXBuildFile; fileRef = 028BCA50213ABC5C0079873E /* main.m */; };
		028BCA59213ABDE60079873E /* AddTaskViewController.m in Sources */ = {isa = PBXBuildFile; fileRef = 028BCA58213ABDE60079873E /* AddTaskViewController.m */; };
		028BCA5C213AC0350079873E /* DetailTaskViewController.m in Sources */ = {isa = PBXBuildFile; fileRef = 028BCA5B213AC0350079873E /* DetailTaskViewController.m */; };
		028BCA5F213B0ED00079873E /* EditTaskViewController.m in Sources */ = {isa = PBXBuildFile; fileRef = 028BCA5E213B0ED00079873E /* EditTaskViewController.m */; };
/* End PBXBuildFile section */

/* Begin PBXFileReference section */
		028BCA3E213ABC580079873E /* overDueApp.app */ = {isa = PBXFileReference; explicitFileType = wrapper.application; includeInIndex = 0; path = overDueApp.app; sourceTree = BUILT_PRODUCTS_DIR; };
		028BCA41213ABC580079873E /* AppDelegate.h */ = {isa = PBXFileReference; lastKnownFileType = sourcecode.c.h; path = AppDelegate.h; sourceTree = "<group>"; };
		028BCA42213ABC580079873E /* AppDelegate.m */ = {isa = PBXFileReference; lastKnownFileType = sourcecode.c.objc; path = AppDelegate.m; sourceTree = "<group>"; };
		028BCA44213ABC580079873E /* ViewController.h */ = {isa = PBXFileReference; lastKnownFileType = sourcecode.c.h; path = ViewController.h; sourceTree = "<group>"; };
		028BCA45213ABC580079873E /* ViewController.m */ = {isa = PBXFileReference; lastKnownFileType = sourcecode.c.objc; path = ViewController.m; sourceTree = "<group>"; };
		028BCA48213ABC580079873E /* Base */ = {isa = PBXFileReference; lastKnownFileType = file.storyboard; name = Base; path = Base.lproj/Main.storyboard; sourceTree = "<group>"; };
		028BCA4A213ABC5C0079873E /* Assets.xcassets */ = {isa = PBXFileReference; lastKnownFileType = folder.assetcatalog; path = Assets.xcassets; sourceTree = "<group>"; };
		028BCA4D213ABC5C0079873E /* Base */ = {isa = PBXFileReference; lastKnownFileType = file.storyboard; name = Base; path = Base.lproj/LaunchScreen.storyboard; sourceTree = "<group>"; };
		028BCA4F213ABC5C0079873E /* Info.plist */ = {isa = PBXFileReference; lastKnownFileType = text.plist.xml; path = Info.plist; sourceTree = "<group>"; };
		028BCA50213ABC5C0079873E /* main.m */ = {isa = PBXFileReference; lastKnownFileType = sourcecode.c.objc; path = main.m; sourceTree = "<group>"; };
		028BCA57213ABDE60079873E /* AddTaskViewController.h */ = {isa = PBXFileReference; lastKnownFileType = sourcecode.c.h; path = AddTaskViewController.h; sourceTree = "<group>"; };
		028BCA58213ABDE60079873E /* AddTaskViewController.m */ = {isa = PBXFileReference; lastKnownFileType = sourcecode.c.objc; path = AddTaskViewController.m; sourceTree = "<group>"; };
		028BCA5A213AC0350079873E /* DetailTaskViewController.h */ = {isa = PBXFileReference; lastKnownFileType = sourcecode.c.h; path = DetailTaskViewController.h; sourceTree = "<group>"; };
		028BCA5B213AC0350079873E /* DetailTaskViewController.m */ = {isa = PBXFileReference; lastKnownFileType = sourcecode.c.objc; path = DetailTaskViewController.m; sourceTree = "<group>"; };
		028BCA5D213B0ED00079873E /* EditTaskViewController.h */ = {isa = PBXFileReference; lastKnownFileType = sourcecode.c.h; path = EditTaskViewController.h; sourceTree = "<group>"; };
		028BCA5E213B0ED00079873E /* EditTaskViewController.m */ = {isa = PBXFileReference; lastKnownFileType = sourcecode.c.objc; path = EditTaskViewController.m; sourceTree = "<group>"; };
		028BCA60213B1DB10079873E /* PrefixHeader.pch */ = {isa = PBXFileReference; lastKnownFileType = sourcecode.c.h; path = PrefixHeader.pch; sourceTree = "<group>"; };
/* End PBXFileReference section */

/* Begin PBXFrameworksBuildPhase section */
		028BCA3B213ABC580079873E /* Frameworks */ = {
			isa = PBXFrameworksBuildPhase;
			buildActionMask = 2147483647;
			files = (
			);
			runOnlyForDeploymentPostprocessing = 0;
		};
/* End PBXFrameworksBuildPhase section */

/* Begin PBXGroup section */
		028BCA35213ABC580079873E = {
			isa = PBXGroup;
			children = (
				028BCA60213B1DB10079873E /* PrefixHeader.pch */,
				028BCA40213ABC580079873E /* overDueApp */,
				028BCA3F213ABC580079873E /* Products */,
			);
			sourceTree = "<group>";
		};
		028BCA3F213ABC580079873E /* Products */ = {
			isa = PBXGroup;
			children = (
				028BCA3E213ABC580079873E /* overDueApp.app */,
			);
			name = Products;
			sourceTree = "<group>";
		};
		028BCA40213ABC580079873E /* overDueApp */ = {
			isa = PBXGroup;
			children = (
				028BCA41213ABC580079873E /* AppDelegate.h */,
				028BCA42213ABC580079873E /* AppDelegate.m */,
				028BCA44213ABC580079873E /* ViewController.h */,
				028BCA45213ABC580079873E /* ViewController.m */,
				028BCA47213ABC580079873E /* Main.storyboard */,
				028BCA5D213B0ED00079873E /* EditTaskViewController.h */,
				028BCA5E213B0ED00079873E /* EditTaskViewController.m */,
				028BCA5A213AC0350079873E /* DetailTaskViewController.h */,
				028BCA5B213AC0350079873E /* DetailTaskViewController.m */,
				028BCA57213ABDE60079873E /* AddTaskViewController.h */,
				028BCA58213ABDE60079873E /* AddTaskViewController.m */,
				028BCA4A213ABC5C0079873E /* Assets.xcassets */,
				028BCA4C213ABC5C0079873E /* LaunchScreen.storyboard */,
				028BCA4F213ABC5C0079873E /* Info.plist */,
				028BCA50213ABC5C0079873E /* main.m */,
			);
			path = overDueApp;
			sourceTree = "<group>";
		};
/* End PBXGroup section */

/* Begin PBXNativeTarget section */
		028BCA3D213ABC580079873E /* overDueApp */ = {
			isa = PBXNativeTarget;
			buildConfigurationList = 028BCA54213ABC5C0079873E /* Build configuration list for PBXNativeTarget "overDueApp" */;
			buildPhases = (
				028BCA3A213ABC580079873E /* Sources */,
				028BCA3B213ABC580079873E /* Frameworks */,
				028BCA3C213ABC580079873E /* Resources */,
			);
			buildRules = (
			);
			dependencies = (
			);
			name = overDueApp;
			productName = overDueApp;
			productReference = 028BCA3E213ABC580079873E /* overDueApp.app */;
			productType = "com.apple.product-type.application";
		};
/* End PBXNativeTarget section */

/* Begin PBXProject section */
		028BCA36213ABC580079873E /* Project object */ = {
			isa = PBXProject;
			attributes = {
				LastUpgradeCheck = 0940;
				ORGANIZATIONNAME = walidelzo;
				TargetAttributes = {
					028BCA3D213ABC580079873E = {
						CreatedOnToolsVersion = 9.4.1;
					};
				};
			};
			buildConfigurationList = 028BCA39213ABC580079873E /* Build configuration list for PBXProject "overDueApp" */;
			compatibilityVersion = "Xcode 9.3";
			developmentRegion = en;
			hasScannedForEncodings = 0;
			knownRegions = (
				en,
				Base,
			);
			mainGroup = 028BCA35213ABC580079873E;
			productRefGroup = 028BCA3F213ABC580079873E /* Products */;
			projectDirPath = "";
			projectRoot = "";
			targets = (
				028BCA3D213ABC580079873E /* overDueApp */,
			);
		};
/* End PBXProject section */

/* Begin PBXResourcesBuildPhase section */
		028BCA3C213ABC580079873E /* Resources */ = {
			isa = PBXResourcesBuildPhase;
			buildActionMask = 2147483647;
			files = (
				028BCA4E213ABC5C0079873E /* LaunchScreen.storyboard in Resources */,
				028BCA4B213ABC5C0079873E /* Assets.xcassets in Resources */,
				028BCA49213ABC580079873E /* Main.storyboard in Resources */,
			);
			runOnlyForDeploymentPostprocessing = 0;
		};
/* End PBXResourcesBuildPhase section */

/* Begin PBXSourcesBuildPhase section */
		028BCA3A213ABC580079873E /* Sources */ = {
			isa = PBXSourcesBuildPhase;
			buildActionMask = 2147483647;
			files = (
				028BCA46213ABC580079873E /* ViewController.m in Sources */,
				028BCA59213ABDE60079873E /* AddTaskViewController.m in Sources */,
				028BCA51213ABC5C0079873E /* main.m in Sources */,
				028BCA5F213B0ED00079873E /* EditTaskViewController.m in Sources */,
				028BCA43213ABC580079873E /* AppDelegate.m in Sources */,
				028BCA5C213AC0350079873E /* DetailTaskViewController.m in Sources */,
			);
			runOnlyForDeploymentPostprocessing = 0;
		};
/* End PBXSourcesBuildPhase section */

/* Begin PBXVariantGroup section */
		028BCA47213ABC580079873E /* Main.storyboard */ = {
			isa = PBXVariantGroup;
			children = (
				028BCA48213ABC580079873E /* Base */,
			);
			name = Main.storyboard;
			sourceTree = "<group>";
		};
		028BCA4C213ABC5C0079873E /* LaunchScreen.storyboard */ = {
			isa = PBXVariantGroup;
			children = (
				028BCA4D213ABC5C0079873E /* Base */,
			);
			name = LaunchScreen.storyboard;
			sourceTree = "<group>";
		};
/* End PBXVariantGroup section */

/* Begin XCBuildConfiguration section */
		028BCA52213ABC5C0079873E /* Debug */ = {
			isa = XCBuildConfiguration;
			buildSettings = {
				ALWAYS_SEARCH_USER_PATHS = NO;
				CLANG_ANALYZER_NONNULL = YES;
				CLANG_ANALYZER_NUMBER_OBJECT_CONVERSION = YES_AGGRESSIVE;
				CLANG_CXX_LANGUAGE_STANDARD = "gnu++14";
				CLANG_CXX_LIBRARY = "libc++";
				CLANG_ENABLE_MODULES = YES;
				CLANG_ENABLE_OBJC_ARC = YES;
				CLANG_ENABLE_OBJC_WEAK = YES;
				CLANG_WARN_BLOCK_CAPTURE_AUTORELEASING = YES;
				CLANG_WARN_BOOL_CONVERSION = YES;
				CLANG_WARN_COMMA = YES;
				CLANG_WARN_CONSTANT_CONVERSION = YES;
				CLANG_WARN_DEPRECATED_OBJC_IMPLEMENTATIONS = YES;
				CLANG_WARN_DIRECT_OBJC_ISA_USAGE = YES_ERROR;
				CLANG_WARN_DOCUMENTATION_COMMENTS = YES;
				CLANG_WARN_EMPTY_BODY = YES;
				CLANG_WARN_ENUM_CONVERSION = YES;
				CLANG_WARN_INFINITE_RECURSION = YES;
				CLANG_WARN_INT_CONVERSION = YES;
				CLANG_WARN_NON_LITERAL_NULL_CONVERSION = YES;
				CLANG_WARN_OBJC_IMPLICIT_RETAIN_SELF = YES;
				CLANG_WARN_OBJC_LITERAL_CONVERSION = YES;
				CLANG_WARN_OBJC_ROOT_CLASS = YES_ERROR;
				CLANG_WARN_RANGE_LOOP_ANALYSIS = YES;
				CLANG_WARN_STRICT_PROTOTYPES = YES;
				CLANG_WARN_SUSPICIOUS_MOVE = YES;
				CLANG_WARN_UNGUARDED_AVAILABILITY = YES_AGGRESSIVE;
				CLANG_WARN_UNREACHABLE_CODE = YES;
				CLANG_WARN__DUPLICATE_METHOD_MATCH = YES;
				CODE_SIGN_IDENTITY = "iPhone Developer";
				COPY_PHASE_STRIP = NO;
				DEBUG_INFORMATION_FORMAT = dwarf;
				ENABLE_STRICT_OBJC_MSGSEND = YES;
				ENABLE_TESTABILITY = YES;
				GCC_C_LANGUAGE_STANDARD = gnu11;
				GCC_DYNAMIC_NO_PIC = NO;
				GCC_NO_COMMON_BLOCKS = YES;
				GCC_OPTIMIZATION_LEVEL = 0;
				GCC_PREPROCESSOR_DEFINITIONS = (
					"DEBUG=1",
					"$(inherited)",
				);
				GCC_WARN_64_TO_32_BIT_CONVERSION = YES;
				GCC_WARN_ABOUT_RETURN_TYPE = YES_ERROR;
				GCC_WARN_UNDECLARED_SELECTOR = YES;
				GCC_WARN_UNINITIALIZED_AUTOS = YES_AGGRESSIVE;
				GCC_WARN_UNUSED_FUNCTION = YES;
				GCC_WARN_UNUSED_VARIABLE = YES;
				IPHONEOS_DEPLOYMENT_TARGET = 11.4;
				MTL_ENABLE_DEBUG_INFO = YES;
				ONLY_ACTIVE_ARCH = YES;
				SDKROOT = iphoneos;
			};
			name = Debug;
		};
		028BCA53213ABC5C0079873E /* Release */ = {
			isa = XCBuildConfiguration;
			buildSettings = {
				ALWAYS_SEARCH_USER_PATHS = NO;
				CLANG_ANALYZER_NONNULL = YES;
				CLANG_ANALYZER_NUMBER_OBJECT_CONVERSION = YES_AGGRESSIVE;
				CLANG_CXX_LANGUAGE_STANDARD = "gnu++14";
				CLANG_CXX_LIBRARY = "libc++";
				CLANG_ENABLE_MODULES = YES;
				CLANG_ENABLE_OBJC_ARC = YES;
				CLANG_ENABLE_OBJC_WEAK = YES;
				CLANG_WARN_BLOCK_CAPTURE_AUTORELEASING = YES;
				CLANG_WARN_BOOL_CONVERSION = YES;
				CLANG_WARN_COMMA = YES;
				CLANG_WARN_CONSTANT_CONVERSION = YES;
				CLANG_WARN_DEPRECATED_OBJC_IMPLEMENTATIONS = YES;
				CLANG_WARN_DIRECT_OBJC_ISA_USAGE = YES_ERROR;
				CLANG_WARN_DOCUMENTATION_COMMENTS = YES;
				CLANG_WARN_EMPTY_BODY = YES;
				CLANG_WARN_ENUM_CONVERSION = YES;
				CLANG_WARN_INFINITE_RECURSION = YES;
				CLANG_WARN_INT_CONVERSION = YES;
				CLANG_WARN_NON_LITERAL_NULL_CONVERSION = YES;
				CLANG_WARN_OBJC_IMPLICIT_RETAIN_SELF = YES;
				CLANG_WARN_OBJC_LITERAL_CONVERSION = YES;
				CLANG_WARN_OBJC_ROOT_CLASS = YES_ERROR;
				CLANG_WARN_RANGE_LOOP_ANALYSIS = YES;
				CLANG_WARN_STRICT_PROTOTYPES = YES;
				CLANG_WARN_SUSPICIOUS_MOVE = YES;
				CLANG_WARN_UNGUARDED_AVAILABILITY = YES_AGGRESSIVE;
				CLANG_WARN_UNREACHABLE_CODE = YES;
				CLANG_WARN__DUPLICATE_METHOD_MATCH = YES;
				CODE_SIGN_IDENTITY = "iPhone Developer";
				COPY_PHASE_STRIP = NO;
				DEBUG_INFORMATION_FORMAT = "dwarf-with-dsym";
				ENABLE_NS_ASSERTIONS = NO;
				ENABLE_STRICT_OBJC_MSGSEND = YES;
				GCC_C_LANGUAGE_STANDARD = gnu11;
				GCC_NO_COMMON_BLOCKS = YES;
				GCC_WARN_64_TO_32_BIT_CONVERSION = YES;
				GCC_WARN_ABOUT_RETURN_TYPE = YES_ERROR;
				GCC_WARN_UNDECLARED_SELECTOR = YES;
				GCC_WARN_UNINITIALIZED_AUTOS = YES_AGGRESSIVE;
				GCC_WARN_UNUSED_FUNCTION = YES;
				GCC_WARN_UNUSED_VARIABLE = YES;
				IPHONEOS_DEPLOYMENT_TARGET = 11.4;
				MTL_ENABLE_DEBUG_INFO = NO;
				SDKROOT = iphoneos;
				VALIDATE_PRODUCT = YES;
			};
			name = Release;
		};
		028BCA55213ABC5C0079873E /* Debug */ = {
			isa = XCBuildConfiguration;
			buildSettings = {
				ASSETCATALOG_COMPILER_APPICON_NAME = AppIcon;
				CODE_SIGN_STYLE = Automatic;
				DEVELOPMENT_TEAM = T3NK7U77Q3;
				GCC_PRECOMPILE_PREFIX_HEADER = YES;
				GCC_PREFIX_HEADER = PrefixHeader.pch;
				INFOPLIST_FILE = overDueApp/Info.plist;
				LD_RUNPATH_SEARCH_PATHS = (
					"$(inherited)",
					"@executable_path/Frameworks",
				);
				PRODUCT_BUNDLE_IDENTIFIER = com.walidelzo.QuotesApp.overDueApp;
				PRODUCT_NAME = "$(TARGET_NAME)";
				TARGETED_DEVICE_FAMILY = "1,2";
			};
			name = Debug;
		};
		028BCA56213ABC5C0079873E /* Release */ = {
			isa = XCBuildConfiguration;
			buildSettings = {
				ASSETCATALOG_COMPILER_APPICON_NAME = AppIcon;
				CODE_SIGN_STYLE = Automatic;
				DEVELOPMENT_TEAM = T3NK7U77Q3;
				GCC_PRECOMPILE_PREFIX_HEADER = YES;
				GCC_PREFIX_HEADER = PrefixHeader.pch;
				INFOPLIST_FILE = overDueApp/Info.plist;
				LD_RUNPATH_SEARCH_PATHS = (
					"$(inherited)",
					"@executable_path/Frameworks",
				);
				PRODUCT_BUNDLE_IDENTIFIER = com.walidelzo.QuotesApp.overDueApp;
				PRODUCT_NAME = "$(TARGET_NAME)";
				TARGETED_DEVICE_FAMILY = "1,2";
			};
			name = Release;
		};
/* End XCBuildConfiguration section */

/* Begin XCConfigurationList section */
		028BCA39213ABC580079873E /* Build configuration list for PBXProject "overDueApp" */ = {
			isa = XCConfigurationList;
			buildConfigurations = (
				028BCA52213ABC5C0079873E /* Debug */,
				028BCA53213ABC5C0079873E /* Release */,
			);
			defaultConfigurationIsVisible = 0;
			defaultConfigurationName = Release;
		};
		028BCA54213ABC5C0079873E /* Build configuration list for PBXNativeTarget "overDueApp" */ = {
			isa = XCConfigurationList;
			buildConfigurations = (
				028BCA55213ABC5C0079873E /* Debug */,
				028BCA56213ABC5C0079873E /* Release */,
			);
			defaultConfigurationIsVisible = 0;
			defaultConfigurationName = Release;
		};
/* End XCConfigurationList section */
	};
	rootObject = 028BCA36213ABC580079873E /* Project object */;
}
